
Microsoft Visual Studio Solution File, Format Version 12.00
# Visual Studio 15
VisualStudioVersion = 15.0.26730.8
MinimumVisualStudioVersion = 10.0.40219.1
Project("{FAE04EC0-301F-11D3-BF4B-00C04F79EFBC}") = "AMO.EnPI.AddIn", "AMO.EnPI.AddIn\AMO.EnPI.AddIn.csproj", "{4EAD224F-2DF5-4A87-8716-3978981AF386}"
EndProject
Project("{FAE04EC0-301F-11D3-BF4B-00C04F79EFBC}") = "AMO.EnPI.AddIn.Utilities", "AMO.EnPI.Utilities\AMO.EnPI.AddIn.Utilities.csproj", "{874A2E11-D6F1-4866-89AD-137C73DA4447}"
EndProject
Project("{FAE04EC0-301F-11D3-BF4B-00C04F79EFBC}") = "alglib", "alglib\alglib.csproj", "{64A4E038-A7CA-48DA-9B23-B87284BC061A}"
EndProject
Project("{54435603-DBB4-11D2-8724-00A0C9A8B90C}") = "Setup", "Setup\Setup.vdproj", "{E19D64CC-18BD-44E6-ACEB-BCA84756190F}"
EndProject
Global
	GlobalSection(SolutionConfigurationPlatforms) = preSolution
		Debug|Any CPU = Debug|Any CPU
		Debug|x86 = Debug|x86
		Release|Any CPU = Release|Any CPU
		Release|x86 = Release|x86
	EndGlobalSection
	GlobalSection(ProjectConfigurationPlatforms) = postSolution
		{4EAD224F-2DF5-4A87-8716-3978981AF386}.Debug|Any CPU.ActiveCfg = Release|Any CPU
		{4EAD224F-2DF5-4A87-8716-3978981AF386}.Debug|Any CPU.Build.0 = Release|Any CPU
		{4EAD224F-2DF5-4A87-8716-3978981AF386}.Debug|x86.ActiveCfg = Debug|x86
		{4EAD224F-2DF5-4A87-8716-3978981AF386}.Debug|x86.Build.0 = Debug|x86
		{4EAD224F-2DF5-4A87-8716-3978981AF386}.Release|Any CPU.ActiveCfg = Release|Any CPU
		{4EAD224F-2DF5-4A87-8716-3978981AF386}.Release|Any CPU.Build.0 = Release|Any CPU
		{4EAD224F-2DF5-4A87-8716-3978981AF386}.Release|x86.ActiveCfg = Release|x86
		{4EAD224F-2DF5-4A87-8716-3978981AF386}.Release|x86.Build.0 = Release|x86
		{874A2E11-D6F1-4866-89AD-137C73DA4447}.Debug|Any CPU.ActiveCfg = Release|Any CPU
		{874A2E11-D6F1-4866-89AD-137C73DA4447}.Debug|Any CPU.Build.0 = Release|Any CPU
		{874A2E11-D6F1-4866-89AD-137C73DA4447}.Debug|x86.ActiveCfg = Debug|x86
		{874A2E11-D6F1-4866-89AD-137C73DA4447}.Debug|x86.Build.0 = Debug|x86
		{874A2E11-D6F1-4866-89AD-137C73DA4447}.Release|Any CPU.ActiveCfg = Release|Any CPU
		{874A2E11-D6F1-4866-89AD-137C73DA4447}.Release|Any CPU.Build.0 = Release|Any CPU
		{874A2E11-D6F1-4866-89AD-137C73DA4447}.Release|x86.ActiveCfg = Release|x86
		{874A2E11-D6F1-4866-89AD-137C73DA4447}.Release|x86.Build.0 = Release|x86
		{64A4E038-A7CA-48DA-9B23-B87284BC061A}.Debug|Any CPU.ActiveCfg = Release|Any CPU
		{64A4E038-A7CA-48DA-9B23-B87284BC061A}.Debug|Any CPU.Build.0 = Release|Any CPU
		{64A4E038-A7CA-48DA-9B23-B87284BC061A}.Debug|Any CPU.Deploy.0 = Release|Any CPU
		{64A4E038-A7CA-48DA-9B23-B87284BC061A}.Debug|x86.ActiveCfg = Debug|x86
		{64A4E038-A7CA-48DA-9B23-B87284BC061A}.Debug|x86.Build.0 = Debug|x86
		{64A4E038-A7CA-48DA-9B23-B87284BC061A}.Release|Any CPU.ActiveCfg = Release|Any CPU
		{64A4E038-A7CA-48DA-9B23-B87284BC061A}.Release|Any CPU.Build.0 = Release|Any CPU
		{64A4E038-A7CA-48DA-9B23-B87284BC061A}.Release|x86.ActiveCfg = Release|x86
		{64A4E038-A7CA-48DA-9B23-B87284BC061A}.Release|x86.Build.0 = Release|x86
		{E19D64CC-18BD-44E6-ACEB-BCA84756190F}.Debug|Any CPU.ActiveCfg = Debug
		{E19D64CC-18BD-44E6-ACEB-BCA84756190F}.Debug|x86.ActiveCfg = Debug
		{E19D64CC-18BD-44E6-ACEB-BCA84756190F}.Release|Any CPU.ActiveCfg = Release
		{E19D64CC-18BD-44E6-ACEB-BCA84756190F}.Release|x86.ActiveCfg = Release
	EndGlobalSection
	GlobalSection(SolutionProperties) = preSolution
		HideSolutionNode = FALSE
	EndGlobalSection
	GlobalSection(ExtensibilityGlobals) = postSolution
		SolutionGuid = {D623F031-2ED3-44C7-B729-7CB8034D564B}
	EndGlobalSection
EndGlobal
